
Microsoft Visual Studio Solution File, Format Version 12.00
# Visual Studio 15
VisualStudioVersion = 15.0.28307.705
MinimumVisualStudioVersion = 10.0.40219.1
Project("{FAE04EC0-301F-11D3-BF4B-00C04F79EFBC}") = "SolidExamples", "SolidExamples\SolidExamples.csproj", "{908A5240-1F5F-4AFF-BAD7-45CC47880736}"
EndProject
Global
	GlobalSection(SolutionConfigurationPlatforms) = preSolution
		Debug|Any CPU = Debug|Any CPU
		Release|Any CPU = Release|Any CPU
	EndGlobalSection
	GlobalSection(ProjectConfigurationPlatforms) = postSolution
		{908A5240-1F5F-4AFF-BAD7-45CC47880736}.Debug|Any CPU.ActiveCfg = Debug|Any CPU
		{908A5240-1F5F-4AFF-BAD7-45CC47880736}.Debug|Any CPU.Build.0 = Debug|Any CPU
		{908A5240-1F5F-4AFF-BAD7-45CC47880736}.Release|Any CPU.ActiveCfg = Release|Any CPU
		{908A5240-1F5F-4AFF-BAD7-45CC47880736}.Release|Any CPU.Build.0 = Release|Any CPU
	EndGlobalSection
	GlobalSection(SolutionProperties) = preSolution
		HideSolutionNode = FALSE
	EndGlobalSection
	GlobalSection(ExtensibilityGlobals) = postSolution
		SolutionGuid = {E212682A-E187-4C0B-A5D0-3400BADCD703}
	EndGlobalSection
EndGlobal
